
Microsoft Visual Studio Solution File, Format Version 12.00
# Visual Studio 15
VisualStudioVersion = 15.0.26124.0
MinimumVisualStudioVersion = 15.0.26124.0
Project("{9A19103F-16F7-4668-BE54-9A1E7A4F7556}") = ".build", "build\.build.csproj", "{2FF7D679-C24A-4764-84D4-9921F866B92D}"
EndProject
Project("{2150E333-8FDC-42A3-9474-1A3956D46DE8}") = "src", "src", "{CC220E63-85F0-40EF-AF7D-9870ED044EBC}"
EndProject
Project("{FAE04EC0-301F-11D3-BF4B-00C04F79EFBC}") = "CustomerSpreadCalculator", "src\CustomerSpreadCalculator\CustomerSpreadCalculator.csproj", "{D5F6E5D4-014B-40B1-9687-8C3A0841D7B5}"
EndProject
Global
	GlobalSection(SolutionConfigurationPlatforms) = preSolution
		Debug|Any CPU = Debug|Any CPU
		Debug|x64 = Debug|x64
		Debug|x86 = Debug|x86
		Release|Any CPU = Release|Any CPU
		Release|x64 = Release|x64
		Release|x86 = Release|x86
	EndGlobalSection
	GlobalSection(SolutionProperties) = preSolution
		HideSolutionNode = FALSE
	EndGlobalSection
	GlobalSection(ProjectConfigurationPlatforms) = postSolution
		{2FF7D679-C24A-4764-84D4-9921F866B92D}.Debug|Any CPU.ActiveCfg = Debug|Any CPU
		{2FF7D679-C24A-4764-84D4-9921F866B92D}.Release|Any CPU.ActiveCfg = Release|Any CPU
		{D5F6E5D4-014B-40B1-9687-8C3A0841D7B5}.Debug|Any CPU.ActiveCfg = Debug|Any CPU
		{D5F6E5D4-014B-40B1-9687-8C3A0841D7B5}.Debug|Any CPU.Build.0 = Debug|Any CPU
		{D5F6E5D4-014B-40B1-9687-8C3A0841D7B5}.Debug|x64.ActiveCfg = Debug|Any CPU
		{D5F6E5D4-014B-40B1-9687-8C3A0841D7B5}.Debug|x64.Build.0 = Debug|Any CPU
		{D5F6E5D4-014B-40B1-9687-8C3A0841D7B5}.Debug|x86.ActiveCfg = Debug|Any CPU
		{D5F6E5D4-014B-40B1-9687-8C3A0841D7B5}.Debug|x86.Build.0 = Debug|Any CPU
		{D5F6E5D4-014B-40B1-9687-8C3A0841D7B5}.Release|Any CPU.ActiveCfg = Release|Any CPU
		{D5F6E5D4-014B-40B1-9687-8C3A0841D7B5}.Release|Any CPU.Build.0 = Release|Any CPU
		{D5F6E5D4-014B-40B1-9687-8C3A0841D7B5}.Release|x64.ActiveCfg = Release|Any CPU
		{D5F6E5D4-014B-40B1-9687-8C3A0841D7B5}.Release|x64.Build.0 = Release|Any CPU
		{D5F6E5D4-014B-40B1-9687-8C3A0841D7B5}.Release|x86.ActiveCfg = Release|Any CPU
		{D5F6E5D4-014B-40B1-9687-8C3A0841D7B5}.Release|x86.Build.0 = Release|Any CPU
	EndGlobalSection
	GlobalSection(NestedProjects) = preSolution
		{D5F6E5D4-014B-40B1-9687-8C3A0841D7B5} = {CC220E63-85F0-40EF-AF7D-9870ED044EBC}
	EndGlobalSection
EndGlobal
